
Microsoft Visual Studio Solution File, Format Version 12.00
# Visual Studio Version 16
VisualStudioVersion = 16.0.29613.14
MinimumVisualStudioVersion = 10.0.40219.1
Project("{FAE04EC0-301F-11D3-BF4B-00C04F79EFBC}") = "Saman.DemoApp.SalesFile.RestfulAPI", "Saman.DemoApp.SalesFile.RestfulAPI\Saman.DemoApp.SalesFile.RestfulAPI.csproj", "{541688A0-23EF-417D-BE2C-31CBDD9A3ADB}"
EndProject
Project("{2150E333-8FDC-42A3-9474-1A3956D46DE8}") = "Test", "Test", "{F19AF639-E6F8-48E4-B2EC-B6FE5E94274C}"
EndProject
Project("{FAE04EC0-301F-11D3-BF4B-00C04F79EFBC}") = "Saman.DemoApp.SalesFile.Test", "Saman.DemoApp.SalesFile.Test\Saman.DemoApp.SalesFile.Test.csproj", "{21E69974-09FB-4647-8777-23CE6CBC0803}"
EndProject
Global
	GlobalSection(SolutionConfigurationPlatforms) = preSolution
		Debug|Any CPU = Debug|Any CPU
		Release|Any CPU = Release|Any CPU
	EndGlobalSection
	GlobalSection(ProjectConfigurationPlatforms) = postSolution
		{541688A0-23EF-417D-BE2C-31CBDD9A3ADB}.Debug|Any CPU.ActiveCfg = Debug|Any CPU
		{541688A0-23EF-417D-BE2C-31CBDD9A3ADB}.Debug|Any CPU.Build.0 = Debug|Any CPU
		{541688A0-23EF-417D-BE2C-31CBDD9A3ADB}.Release|Any CPU.ActiveCfg = Release|Any CPU
		{541688A0-23EF-417D-BE2C-31CBDD9A3ADB}.Release|Any CPU.Build.0 = Release|Any CPU
		{21E69974-09FB-4647-8777-23CE6CBC0803}.Debug|Any CPU.ActiveCfg = Debug|Any CPU
		{21E69974-09FB-4647-8777-23CE6CBC0803}.Debug|Any CPU.Build.0 = Debug|Any CPU
		{21E69974-09FB-4647-8777-23CE6CBC0803}.Release|Any CPU.ActiveCfg = Release|Any CPU
		{21E69974-09FB-4647-8777-23CE6CBC0803}.Release|Any CPU.Build.0 = Release|Any CPU
	EndGlobalSection
	GlobalSection(SolutionProperties) = preSolution
		HideSolutionNode = FALSE
	EndGlobalSection
	GlobalSection(NestedProjects) = preSolution
		{21E69974-09FB-4647-8777-23CE6CBC0803} = {F19AF639-E6F8-48E4-B2EC-B6FE5E94274C}
	EndGlobalSection
	GlobalSection(ExtensibilityGlobals) = postSolution
		SolutionGuid = {AF0E71B1-207B-467E-AB71-96CECF6663B7}
	EndGlobalSection
EndGlobal
